
Microsoft Visual Studio Solution File, Format Version 10.00
# Visual C++ Express 2008
Project("{8BC9CEB8-8B4A-11D0-8D11-00A0C91BC942}") = "makepanda", "makepanda.vcproj", "{F4935D7A-20AD-4132-B3CB-ADFF4F928D25}"
EndProject
Global
	GlobalSection(SolutionConfigurationPlatforms) = preSolution
		Debug|Win32 = Debug|Win32
		Release|Win32 = Release|Win32
	EndGlobalSection
	GlobalSection(ProjectConfigurationPlatforms) = postSolution
		{F4935D7A-20AD-4132-B3CB-ADFF4F928D25}.Debug|Win32.ActiveCfg = Debug|Win32
		{F4935D7A-20AD-4132-B3CB-ADFF4F928D25}.Debug|Win32.Build.0 = Debug|Win32
		{F4935D7A-20AD-4132-B3CB-ADFF4F928D25}.Release|Win32.ActiveCfg = Release|Win32
		{F4935D7A-20AD-4132-B3CB-ADFF4F928D25}.Release|Win32.Build.0 = Release|Win32
	EndGlobalSection
	GlobalSection(SolutionProperties) = preSolution
		HideSolutionNode = FALSE
	EndGlobalSection
EndGlobal
